{
  "requires": true,
  "lockfileVersion": 1,
  "dependencies": {
    "panlex-language-picker": {
      "version": "2.3.1",
      "resolved": "https://registry.npmjs.org/panlex-language-picker/-/panlex-language-picker-2.3.1.tgz",
      "integrity": "sha512-hL4f4u3Pw0CaxmQeXg6ZrVtqAWPAPYqWniryoN5uCqXcI2Dhqncm/qfn6Cg9LIEMn4B7wFmBg6JnVoTagiUmww=="
    }
  }
}
